
Microsoft Visual Studio Solution File, Format Version 12.00
# Visual Studio Version 16
VisualStudioVersion = 16.0.29911.84
MinimumVisualStudioVersion = 10.0.40219.1
Project("{FAE04EC0-301F-11D3-BF4B-00C04F79EFBC}") = "libACL", "libACL\libACL.csproj", "{B8965390-A7E4-4D63-BCF4-087D33943FEF}"
EndProject
Project("{FAE04EC0-301F-11D3-BF4B-00C04F79EFBC}") = "TestACL", "TestACL\TestACL.csproj", "{AB93E79E-F95D-4570-8EA9-43B50E0CE5C8}"
EndProject
Global
	GlobalSection(SolutionConfigurationPlatforms) = preSolution
		Debug|Any CPU = Debug|Any CPU
		Release|Any CPU = Release|Any CPU
	EndGlobalSection
	GlobalSection(ProjectConfigurationPlatforms) = postSolution
		{B8965390-A7E4-4D63-BCF4-087D33943FEF}.Debug|Any CPU.ActiveCfg = Debug|Any CPU
		{B8965390-A7E4-4D63-BCF4-087D33943FEF}.Debug|Any CPU.Build.0 = Debug|Any CPU
		{B8965390-A7E4-4D63-BCF4-087D33943FEF}.Release|Any CPU.ActiveCfg = Release|Any CPU
		{B8965390-A7E4-4D63-BCF4-087D33943FEF}.Release|Any CPU.Build.0 = Release|Any CPU
		{AB93E79E-F95D-4570-8EA9-43B50E0CE5C8}.Debug|Any CPU.ActiveCfg = Debug|Any CPU
		{AB93E79E-F95D-4570-8EA9-43B50E0CE5C8}.Debug|Any CPU.Build.0 = Debug|Any CPU
		{AB93E79E-F95D-4570-8EA9-43B50E0CE5C8}.Release|Any CPU.ActiveCfg = Release|Any CPU
		{AB93E79E-F95D-4570-8EA9-43B50E0CE5C8}.Release|Any CPU.Build.0 = Release|Any CPU
	EndGlobalSection
	GlobalSection(SolutionProperties) = preSolution
		HideSolutionNode = FALSE
	EndGlobalSection
	GlobalSection(ExtensibilityGlobals) = postSolution
		SolutionGuid = {0F8A182E-D6F3-4D1E-82A8-F686526E0380}
	EndGlobalSection
EndGlobal
